Microsoft Visual Studio Solution File, Format Version 9.00
# Visual Studio 2005
Project("{8BC9CEB8-8B4A-11D0-8D11-00A0C91BC942}") = "dumpusn", "dumpusn.vcproj", "{8AF75670-B968-4951-A69B-302302EFFBE8}"
EndProject
Global
	GlobalSection(SolutionConfigurationPlatforms) = preSolution
		Debug|Win32 = Debug|Win32
		Debug|x64 = Debug|x64
		Release BETA (Unofficial)|Win32 = Release BETA (Unofficial)|Win32
		Release BETA (Unofficial)|x64 = Release BETA (Unofficial)|x64
		Release DEBUG|Win32 = Release DEBUG|Win32
		Release DEBUG|x64 = Release DEBUG|x64
		Release|Win32 = Release|Win32
		Release|x64 = Release|x64
	EndGlobalSection
	GlobalSection(ProjectConfigurationPlatforms) = postSolution
		{80928F09-680A-45E8-B911-C54A3B865490}.Debug|Win32.ActiveCfg = Debug|Win32
		{80928F09-680A-45E8-B911-C54A3B865490}.Debug|Win32.Build.0 = Debug|Win32
		{80928F09-680A-45E8-B911-C54A3B865490}.Debug|x64.ActiveCfg = Debug|x64
		{80928F09-680A-45E8-B911-C54A3B865490}.Debug|x64.Build.0 = Debug|x64
		{80928F09-680A-45E8-B911-C54A3B865490}.Release BETA (Unofficial)|Win32.ActiveCfg = Release BETA (Unofficial)|Win32
		{80928F09-680A-45E8-B911-C54A3B865490}.Release BETA (Unofficial)|Win32.Build.0 = Release BETA (Unofficial)|Win32
		{80928F09-680A-45E8-B911-C54A3B865490}.Release BETA (Unofficial)|x64.ActiveCfg = Release BETA (Unofficial)|x64
		{80928F09-680A-45E8-B911-C54A3B865490}.Release BETA (Unofficial)|x64.Build.0 = Release BETA (Unofficial)|x64
		{80928F09-680A-45E8-B911-C54A3B865490}.Release DEBUG|Win32.ActiveCfg = Release DEBUG|Win32
		{80928F09-680A-45E8-B911-C54A3B865490}.Release DEBUG|Win32.Build.0 = Release DEBUG|Win32
		{80928F09-680A-45E8-B911-C54A3B865490}.Release DEBUG|x64.ActiveCfg = Release DEBUG|x64
		{80928F09-680A-45E8-B911-C54A3B865490}.Release DEBUG|x64.Build.0 = Release DEBUG|x64
		{80928F09-680A-45E8-B911-C54A3B865490}.Release|Win32.ActiveCfg = Release|Win32
		{80928F09-680A-45E8-B911-C54A3B865490}.Release|Win32.Build.0 = Release|Win32
		{80928F09-680A-45E8-B911-C54A3B865490}.Release|x64.ActiveCfg = Release|x64
		{80928F09-680A-45E8-B911-C54A3B865490}.Release|x64.Build.0 = Release|x64
		{6A2D0A68-547C-4AAF-AB84-BE0FA4A0CFCE}.Debug|Win32.ActiveCfg = Debug|Win32
		{6A2D0A68-547C-4AAF-AB84-BE0FA4A0CFCE}.Debug|Win32.Build.0 = Debug|Win32
		{6A2D0A68-547C-4AAF-AB84-BE0FA4A0CFCE}.Debug|x64.ActiveCfg = Debug|x64
		{6A2D0A68-547C-4AAF-AB84-BE0FA4A0CFCE}.Debug|x64.Build.0 = Debug|x64
		{6A2D0A68-547C-4AAF-AB84-BE0FA4A0CFCE}.Release BETA (Unofficial)|Win32.ActiveCfg = Release BETA (Unofficial)|Win32
		{6A2D0A68-547C-4AAF-AB84-BE0FA4A0CFCE}.Release BETA (Unofficial)|Win32.Build.0 = Release BETA (Unofficial)|Win32
		{6A2D0A68-547C-4AAF-AB84-BE0FA4A0CFCE}.Release BETA (Unofficial)|x64.ActiveCfg = Release BETA (Unofficial)|x64
		{6A2D0A68-547C-4AAF-AB84-BE0FA4A0CFCE}.Release BETA (Unofficial)|x64.Build.0 = Release BETA (Unofficial)|x64
		{6A2D0A68-547C-4AAF-AB84-BE0FA4A0CFCE}.Release DEBUG|Win32.ActiveCfg = Release DEBUG|Win32
		{6A2D0A68-547C-4AAF-AB84-BE0FA4A0CFCE}.Release DEBUG|Win32.Build.0 = Release DEBUG|Win32
		{6A2D0A68-547C-4AAF-AB84-BE0FA4A0CFCE}.Release DEBUG|x64.ActiveCfg = Release DEBUG|x64
		{6A2D0A68-547C-4AAF-AB84-BE0FA4A0CFCE}.Release DEBUG|x64.Build.0 = Release DEBUG|x64
		{6A2D0A68-547C-4AAF-AB84-BE0FA4A0CFCE}.Release|Win32.ActiveCfg = Release|Win32
		{6A2D0A68-547C-4AAF-AB84-BE0FA4A0CFCE}.Release|Win32.Build.0 = Release|Win32
		{6A2D0A68-547C-4AAF-AB84-BE0FA4A0CFCE}.Release|x64.ActiveCfg = Release|x64
		{6A2D0A68-547C-4AAF-AB84-BE0FA4A0CFCE}.Release|x64.Build.0 = Release|x64
		{BF806AC1-5839-4DAA-90F2-9D6F2B65C0FD}.Debug|Win32.ActiveCfg = Debug|Win32
		{BF806AC1-5839-4DAA-90F2-9D6F2B65C0FD}.Debug|Win32.Build.0 = Debug|Win32
		{BF806AC1-5839-4DAA-90F2-9D6F2B65C0FD}.Debug|x64.ActiveCfg = Debug|x64
		{BF806AC1-5839-4DAA-90F2-9D6F2B65C0FD}.Debug|x64.Build.0 = Debug|x64
		{BF806AC1-5839-4DAA-90F2-9D6F2B65C0FD}.Release BETA (Unofficial)|Win32.ActiveCfg = Release BETA (Unofficial)|Win32
		{BF806AC1-5839-4DAA-90F2-9D6F2B65C0FD}.Release BETA (Unofficial)|Win32.Build.0 = Release BETA (Unofficial)|Win32
		{BF806AC1-5839-4DAA-90F2-9D6F2B65C0FD}.Release BETA (Unofficial)|x64.ActiveCfg = Release BETA (Unofficial)|x64
		{BF806AC1-5839-4DAA-90F2-9D6F2B65C0FD}.Release BETA (Unofficial)|x64.Build.0 = Release BETA (Unofficial)|x64
		{BF806AC1-5839-4DAA-90F2-9D6F2B65C0FD}.Release DEBUG|Win32.ActiveCfg = Release DEBUG|Win32
		{BF806AC1-5839-4DAA-90F2-9D6F2B65C0FD}.Release DEBUG|Win32.Build.0 = Release DEBUG|Win32
		{BF806AC1-5839-4DAA-90F2-9D6F2B65C0FD}.Release DEBUG|x64.ActiveCfg = Release DEBUG|x64
		{BF806AC1-5839-4DAA-90F2-9D6F2B65C0FD}.Release DEBUG|x64.Build.0 = Release DEBUG|x64
		{BF806AC1-5839-4DAA-90F2-9D6F2B65C0FD}.Release|Win32.ActiveCfg = Release|Win32
		{BF806AC1-5839-4DAA-90F2-9D6F2B65C0FD}.Release|Win32.Build.0 = Release|Win32
		{BF806AC1-5839-4DAA-90F2-9D6F2B65C0FD}.Release|x64.ActiveCfg = Release|x64
		{BF806AC1-5839-4DAA-90F2-9D6F2B65C0FD}.Release|x64.Build.0 = Release|x64
		{52623C48-2EE8-4C84-AB20-AFD961BC1311}.Debug|Win32.ActiveCfg = Debug|Win32
		{52623C48-2EE8-4C84-AB20-AFD961BC1311}.Debug|Win32.Build.0 = Debug|Win32
		{52623C48-2EE8-4C84-AB20-AFD961BC1311}.Debug|x64.ActiveCfg = Debug|x64
		{52623C48-2EE8-4C84-AB20-AFD961BC1311}.Debug|x64.Build.0 = Debug|x64
		{52623C48-2EE8-4C84-AB20-AFD961BC1311}.Release BETA (Unofficial)|Win32.ActiveCfg = Release BETA (Unofficial)|Win32
		{52623C48-2EE8-4C84-AB20-AFD961BC1311}.Release BETA (Unofficial)|Win32.Build.0 = Release BETA (Unofficial)|Win32
		{52623C48-2EE8-4C84-AB20-AFD961BC1311}.Release BETA (Unofficial)|x64.ActiveCfg = Release BETA (Unofficial)|x64
		{52623C48-2EE8-4C84-AB20-AFD961BC1311}.Release BETA (Unofficial)|x64.Build.0 = Release BETA (Unofficial)|x64
		{52623C48-2EE8-4C84-AB20-AFD961BC1311}.Release DEBUG|Win32.ActiveCfg = Release DEBUG|Win32
		{52623C48-2EE8-4C84-AB20-AFD961BC1311}.Release DEBUG|Win32.Build.0 = Release DEBUG|Win32
		{52623C48-2EE8-4C84-AB20-AFD961BC1311}.Release DEBUG|x64.ActiveCfg = Release DEBUG|x64
		{52623C48-2EE8-4C84-AB20-AFD961BC1311}.Release DEBUG|x64.Build.0 = Release DEBUG|x64
		{52623C48-2EE8-4C84-AB20-AFD961BC1311}.Release|Win32.ActiveCfg = Release|Win32
		{52623C48-2EE8-4C84-AB20-AFD961BC1311}.Release|Win32.Build.0 = Release|Win32
		{52623C48-2EE8-4C84-AB20-AFD961BC1311}.Release|x64.ActiveCfg = Release|x64
		{52623C48-2EE8-4C84-AB20-AFD961BC1311}.Release|x64.Build.0 = Release|x64
		{BAA4336B-5465-44D2-95A2-4A09385F784C}.Debug|Win32.ActiveCfg = Debug|Win32
		{BAA4336B-5465-44D2-95A2-4A09385F784C}.Debug|Win32.Build.0 = Debug|Win32
		{BAA4336B-5465-44D2-95A2-4A09385F784C}.Debug|x64.ActiveCfg = Debug|x64
		{BAA4336B-5465-44D2-95A2-4A09385F784C}.Debug|x64.Build.0 = Debug|x64
		{BAA4336B-5465-44D2-95A2-4A09385F784C}.Release BETA (Unofficial)|Win32.ActiveCfg = Release BETA (Unofficial)|Win32
		{BAA4336B-5465-44D2-95A2-4A09385F784C}.Release BETA (Unofficial)|Win32.Build.0 = Release BETA (Unofficial)|Win32
		{BAA4336B-5465-44D2-95A2-4A09385F784C}.Release BETA (Unofficial)|x64.ActiveCfg = Release BETA (Unofficial)|x64
		{BAA4336B-5465-44D2-95A2-4A09385F784C}.Release BETA (Unofficial)|x64.Build.0 = Release BETA (Unofficial)|x64
		{BAA4336B-5465-44D2-95A2-4A09385F784C}.Release DEBUG|Win32.ActiveCfg = Release DEBUG|Win32
		{BAA4336B-5465-44D2-95A2-4A09385F784C}.Release DEBUG|Win32.Build.0 = Release DEBUG|Win32
		{BAA4336B-5465-44D2-95A2-4A09385F784C}.Release DEBUG|x64.ActiveCfg = Release DEBUG|x64
		{BAA4336B-5465-44D2-95A2-4A09385F784C}.Release DEBUG|x64.Build.0 = Release DEBUG|x64
		{BAA4336B-5465-44D2-95A2-4A09385F784C}.Release|Win32.ActiveCfg = Release|Win32
		{BAA4336B-5465-44D2-95A2-4A09385F784C}.Release|Win32.Build.0 = Release|Win32
		{BAA4336B-5465-44D2-95A2-4A09385F784C}.Release|x64.ActiveCfg = Release|x64
		{BAA4336B-5465-44D2-95A2-4A09385F784C}.Release|x64.Build.0 = Release|x64
		{F3A30C47-C10B-4C9B-B9D8-50E7FAADB695}.Debug|Win32.ActiveCfg = Debug|Win32
		{F3A30C47-C10B-4C9B-B9D8-50E7FAADB695}.Debug|Win32.Build.0 = Debug|Win32
		{F3A30C47-C10B-4C9B-B9D8-50E7FAADB695}.Debug|x64.ActiveCfg = Debug|x64
		{F3A30C47-C10B-4C9B-B9D8-50E7FAADB695}.Debug|x64.Build.0 = Debug|x64
		{F3A30C47-C10B-4C9B-B9D8-50E7FAADB695}.Release BETA (Unofficial)|Win32.ActiveCfg = Release BETA (Unofficial)|Win32
		{F3A30C47-C10B-4C9B-B9D8-50E7FAADB695}.Release BETA (Unofficial)|Win32.Build.0 = Release BETA (Unofficial)|Win32
		{F3A30C47-C10B-4C9B-B9D8-50E7FAADB695}.Release BETA (Unofficial)|x64.ActiveCfg = Release BETA (Unofficial)|x64
		{F3A30C47-C10B-4C9B-B9D8-50E7FAADB695}.Release BETA (Unofficial)|x64.Build.0 = Release BETA (Unofficial)|x64
		{F3A30C47-C10B-4C9B-B9D8-50E7FAADB695}.Release DEBUG|Win32.ActiveCfg = Release DEBUG|Win32
		{F3A30C47-C10B-4C9B-B9D8-50E7FAADB695}.Release DEBUG|Win32.Build.0 = Release DEBUG|Win32
		{F3A30C47-C10B-4C9B-B9D8-50E7FAADB695}.Release DEBUG|x64.ActiveCfg = Release DEBUG|x64
		{F3A30C47-C10B-4C9B-B9D8-50E7FAADB695}.Release DEBUG|x64.Build.0 = Release DEBUG|x64
		{F3A30C47-C10B-4C9B-B9D8-50E7FAADB695}.Release|Win32.ActiveCfg = Release|Win32
		{F3A30C47-C10B-4C9B-B9D8-50E7FAADB695}.Release|Win32.Build.0 = Release|Win32
		{F3A30C47-C10B-4C9B-B9D8-50E7FAADB695}.Release|x64.ActiveCfg = Release|x64
		{F3A30C47-C10B-4C9B-B9D8-50E7FAADB695}.Release|x64.Build.0 = Release|x64
		{8AF75670-B968-4951-A69B-302302EFFBE8}.Debug|Win32.ActiveCfg = Debug|Win32
		{8AF75670-B968-4951-A69B-302302EFFBE8}.Debug|Win32.Build.0 = Debug|Win32
		{8AF75670-B968-4951-A69B-302302EFFBE8}.Debug|x64.ActiveCfg = Debug|x64
		{8AF75670-B968-4951-A69B-302302EFFBE8}.Debug|x64.Build.0 = Debug|x64
		{8AF75670-B968-4951-A69B-302302EFFBE8}.Release BETA (Unofficial)|Win32.ActiveCfg = Release BETA (Unofficial)|Win32
		{8AF75670-B968-4951-A69B-302302EFFBE8}.Release BETA (Unofficial)|Win32.Build.0 = Release BETA (Unofficial)|Win32
		{8AF75670-B968-4951-A69B-302302EFFBE8}.Release BETA (Unofficial)|x64.ActiveCfg = Release BETA (Unofficial)|x64
		{8AF75670-B968-4951-A69B-302302EFFBE8}.Release BETA (Unofficial)|x64.Build.0 = Release BETA (Unofficial)|x64
		{8AF75670-B968-4951-A69B-302302EFFBE8}.Release DEBUG|Win32.ActiveCfg = Release DEBUG|Win32
		{8AF75670-B968-4951-A69B-302302EFFBE8}.Release DEBUG|Win32.Build.0 = Release DEBUG|Win32
		{8AF75670-B968-4951-A69B-302302EFFBE8}.Release DEBUG|x64.ActiveCfg = Release DEBUG|x64
		{8AF75670-B968-4951-A69B-302302EFFBE8}.Release DEBUG|x64.Build.0 = Release DEBUG|x64
		{8AF75670-B968-4951-A69B-302302EFFBE8}.Release|Win32.ActiveCfg = Release|Win32
		{8AF75670-B968-4951-A69B-302302EFFBE8}.Release|Win32.Build.0 = Release|Win32
		{8AF75670-B968-4951-A69B-302302EFFBE8}.Release|x64.ActiveCfg = Release|x64
		{8AF75670-B968-4951-A69B-302302EFFBE8}.Release|x64.Build.0 = Release|x64
		{2A80F8AA-48A8-43FB-9509-6B167B4D8B77}.Debug|Win32.ActiveCfg = Debug|Win32
		{2A80F8AA-48A8-43FB-9509-6B167B4D8B77}.Debug|Win32.Build.0 = Debug|Win32
		{2A80F8AA-48A8-43FB-9509-6B167B4D8B77}.Debug|x64.ActiveCfg = Debug|Win32
		{2A80F8AA-48A8-43FB-9509-6B167B4D8B77}.Release BETA (Unofficial)|Win32.ActiveCfg = Release BETA (Unofficial)|Win32
		{2A80F8AA-48A8-43FB-9509-6B167B4D8B77}.Release BETA (Unofficial)|Win32.Build.0 = Release BETA (Unofficial)|Win32
		{2A80F8AA-48A8-43FB-9509-6B167B4D8B77}.Release BETA (Unofficial)|x64.ActiveCfg = Release BETA (Unofficial)|Win32
		{2A80F8AA-48A8-43FB-9509-6B167B4D8B77}.Release DEBUG|Win32.ActiveCfg = Release DEBUG|Win32
		{2A80F8AA-48A8-43FB-9509-6B167B4D8B77}.Release DEBUG|x64.ActiveCfg = Release DEBUG|x64
		{2A80F8AA-48A8-43FB-9509-6B167B4D8B77}.Release|Win32.ActiveCfg = Release|Win32
		{2A80F8AA-48A8-43FB-9509-6B167B4D8B77}.Release|Win32.Build.0 = Release|Win32
		{2A80F8AA-48A8-43FB-9509-6B167B4D8B77}.Release|x64.ActiveCfg = Release|Win32
		{9B5BBAFE-79EA-478E-9219-BC0DBDB1EE0A}.Debug|Win32.ActiveCfg = Debug|Win32
		{9B5BBAFE-79EA-478E-9219-BC0DBDB1EE0A}.Debug|Win32.Build.0 = Debug|Win32
		{9B5BBAFE-79EA-478E-9219-BC0DBDB1EE0A}.Debug|x64.ActiveCfg = Debug|x64
		{9B5BBAFE-79EA-478E-9219-BC0DBDB1EE0A}.Debug|x64.Build.0 = Debug|x64
		{9B5BBAFE-79EA-478E-9219-BC0DBDB1EE0A}.Release BETA (Unofficial)|Win32.ActiveCfg = Release BETA (Unofficial)|Win32
		{9B5BBAFE-79EA-478E-9219-BC0DBDB1EE0A}.Release BETA (Unofficial)|Win32.Build.0 = Release BETA (Unofficial)|Win32
		{9B5BBAFE-79EA-478E-9219-BC0DBDB1EE0A}.Release BETA (Unofficial)|x64.ActiveCfg = Release BETA (Unofficial)|x64
		{9B5BBAFE-79EA-478E-9219-BC0DBDB1EE0A}.Release BETA (Unofficial)|x64.Build.0 = Release BETA (Unofficial)|x64
		{9B5BBAFE-79EA-478E-9219-BC0DBDB1EE0A}.Release DEBUG|Win32.ActiveCfg = Release DEBUG|Win32
		{9B5BBAFE-79EA-478E-9219-BC0DBDB1EE0A}.Release DEBUG|Win32.Build.0 = Release DEBUG|Win32
		{9B5BBAFE-79EA-478E-9219-BC0DBDB1EE0A}.Release DEBUG|x64.ActiveCfg = Release DEBUG|x64
		{9B5BBAFE-79EA-478E-9219-BC0DBDB1EE0A}.Release DEBUG|x64.Build.0 = Release DEBUG|x64
		{9B5BBAFE-79EA-478E-9219-BC0DBDB1EE0A}.Release|Win32.ActiveCfg = Release|Win32
		{9B5BBAFE-79EA-478E-9219-BC0DBDB1EE0A}.Release|Win32.Build.0 = Release|Win32
		{9B5BBAFE-79EA-478E-9219-BC0DBDB1EE0A}.Release|x64.ActiveCfg = Release|x64
		{9B5BBAFE-79EA-478E-9219-BC0DBDB1EE0A}.Release|x64.Build.0 = Release|x64
		{06C1CFBC-47D4-4287-99C2-D77C8D922813}.Debug|Win32.ActiveCfg = Debug|Win32
		{06C1CFBC-47D4-4287-99C2-D77C8D922813}.Debug|Win32.Build.0 = Debug|Win32
		{06C1CFBC-47D4-4287-99C2-D77C8D922813}.Debug|x64.ActiveCfg = Debug|x64
		{06C1CFBC-47D4-4287-99C2-D77C8D922813}.Debug|x64.Build.0 = Debug|x64
		{06C1CFBC-47D4-4287-99C2-D77C8D922813}.Release BETA (Unofficial)|Win32.ActiveCfg = Release BETA (Unofficial)|Win32
		{06C1CFBC-47D4-4287-99C2-D77C8D922813}.Release BETA (Unofficial)|Win32.Build.0 = Release BETA (Unofficial)|Win32
		{06C1CFBC-47D4-4287-99C2-D77C8D922813}.Release BETA (Unofficial)|x64.ActiveCfg = Release BETA (Unofficial)|x64
		{06C1CFBC-47D4-4287-99C2-D77C8D922813}.Release BETA (Unofficial)|x64.Build.0 = Release BETA (Unofficial)|x64
		{06C1CFBC-47D4-4287-99C2-D77C8D922813}.Release DEBUG|Win32.ActiveCfg = Release DEBUG|Win32
		{06C1CFBC-47D4-4287-99C2-D77C8D922813}.Release DEBUG|Win32.Build.0 = Release DEBUG|Win32
		{06C1CFBC-47D4-4287-99C2-D77C8D922813}.Release DEBUG|x64.ActiveCfg = Release DEBUG|x64
		{06C1CFBC-47D4-4287-99C2-D77C8D922813}.Release DEBUG|x64.Build.0 = Release DEBUG|x64
		{06C1CFBC-47D4-4287-99C2-D77C8D922813}.Release|Win32.ActiveCfg = Release|Win32
		{06C1CFBC-47D4-4287-99C2-D77C8D922813}.Release|Win32.Build.0 = Release|Win32
		{06C1CFBC-47D4-4287-99C2-D77C8D922813}.Release|x64.ActiveCfg = Release|x64
		{06C1CFBC-47D4-4287-99C2-D77C8D922813}.Release|x64.Build.0 = Release|x64
	EndGlobalSection
	GlobalSection(SolutionProperties) = preSolution
		HideSolutionNode = FALSE
	EndGlobalSection
EndGlobal
